// !$*UTF8*$!
{
	archiveVersion = 1;
	classes = {
	};
	objectVersion = 46;
	objects = {

/* Begin PBXBuildFile section */
		B024A8881C2F319B00FBB44A /* Epoch.h in Headers */ = {isa = PBXBuildFile; fileRef = B024A8871C2F319B00FBB44A /* Epoch.h */; settings = {ATTRIBUTES = (Public, ); }; };
		B024A88F1C2F319B00FBB44A /* Epoch.framework in Frameworks */ = {isa = PBXBuildFile; fileRef = B024A8841C2F319B00FBB44A /* Epoch.framework */; };
		B024A8941C2F319B00FBB44A /* EpochTests.swift in Sources */ = {isa = PBXBuildFile; fileRef = B024A8931C2F319B00FBB44A /* EpochTests.swift */; };
		B024A8A81C2F31C600FBB44A /* Parser.swift in Sources */ = {isa = PBXBuildFile; fileRef = B024A89F1C2F31C600FBB44A /* Parser.swift */; };
		B024A8A91C2F31C600FBB44A /* RequestParserType.swift in Sources */ = {isa = PBXBuildFile; fileRef = B024A8A01C2F31C600FBB44A /* RequestParserType.swift */; };
		B024A8AA1C2F31C600FBB44A /* ResponseSerializerType.swift in Sources */ = {isa = PBXBuildFile; fileRef = B024A8A11C2F31C600FBB44A /* ResponseSerializerType.swift */; };
		B024A8AB1C2F31C600FBB44A /* Serializer.swift in Sources */ = {isa = PBXBuildFile; fileRef = B024A8A21C2F31C600FBB44A /* Serializer.swift */; };
		B024A8AC1C2F31C600FBB44A /* Server.swift in Sources */ = {isa = PBXBuildFile; fileRef = B024A8A31C2F31C600FBB44A /* Server.swift */; };
		B024A8AD1C2F31C600FBB44A /* ServerType.swift in Sources */ = {isa = PBXBuildFile; fileRef = B024A8A41C2F31C600FBB44A /* ServerType.swift */; };
		B024A8AE1C2F31C600FBB44A /* TCPServer.swift in Sources */ = {isa = PBXBuildFile; fileRef = B024A8A51C2F31C600FBB44A /* TCPServer.swift */; };
		B024A8AF1C2F31C600FBB44A /* TCPServerType.swift in Sources */ = {isa = PBXBuildFile; fileRef = B024A8A61C2F31C600FBB44A /* TCPServerType.swift */; };
		B024A8B01C2F31C600FBB44A /* TCPStream.swift in Sources */ = {isa = PBXBuildFile; fileRef = B024A8A71C2F31C600FBB44A /* TCPStream.swift */; };
/* End PBXBuildFile section */

/* Begin PBXContainerItemProxy section */
		B024A8901C2F319B00FBB44A /* PBXContainerItemProxy */ = {
			isa = PBXContainerItemProxy;
			containerPortal = B024A87B1C2F319B00FBB44A /* Project object */;
			proxyType = 1;
			remoteGlobalIDString = B024A8831C2F319B00FBB44A;
			remoteInfo = Epoch;
		};
		B024A8B61C2F324500FBB44A /* PBXContainerItemProxy */ = {
			isa = PBXContainerItemProxy;
			containerPortal = B024A8B11C2F324500FBB44A /* Venice.xcodeproj */;
			proxyType = 2;
			remoteGlobalIDString = B01ACD051C2DE7F20072A3FD;
			remoteInfo = Venice;
		};
		B024A8B81C2F324500FBB44A /* PBXContainerItemProxy */ = {
			isa = PBXContainerItemProxy;
			containerPortal = B024A8B11C2F324500FBB44A /* Venice.xcodeproj */;
			proxyType = 2;
			remoteGlobalIDString = B01ACD0F1C2DE7F20072A3FD;
			remoteInfo = VeniceTests;
		};
		B024A8C11C2F324F00FBB44A /* PBXContainerItemProxy */ = {
			isa = PBXContainerItemProxy;
			containerPortal = B024A8BA1C2F324F00FBB44A /* HTTPParser.xcodeproj */;
			proxyType = 2;
			remoteGlobalIDString = B024A8491C2F2F4D00FBB44A;
			remoteInfo = HTTPParser;
		};
		B024A8C31C2F324F00FBB44A /* PBXContainerItemProxy */ = {
			isa = PBXContainerItemProxy;
			containerPortal = B024A8BA1C2F324F00FBB44A /* HTTPParser.xcodeproj */;
			proxyType = 2;
			remoteGlobalIDString = B024A8531C2F2F4D00FBB44A;
			remoteInfo = HTTPParserTests;
		};
		B024A8C51C2F325600FBB44A /* PBXContainerItemProxy */ = {
			isa = PBXContainerItemProxy;
			containerPortal = B024A8BA1C2F324F00FBB44A /* HTTPParser.xcodeproj */;
			proxyType = 1;
			remoteGlobalIDString = B024A8481C2F2F4D00FBB44A;
			remoteInfo = HTTPParser;
		};
		B024A8C71C2F325800FBB44A /* PBXContainerItemProxy */ = {
			isa = PBXContainerItemProxy;
			containerPortal = B024A8B11C2F324500FBB44A /* Venice.xcodeproj */;
			proxyType = 1;
			remoteGlobalIDString = B01ACD041C2DE7F20072A3FD;
			remoteInfo = Venice;
		};
/* End PBXContainerItemProxy section */

/* Begin PBXFileReference section */
		B024A8841C2F319B00FBB44A /* Epoch.framework */ = {isa = PBXFileReference; explicitFileType = wrapper.framework; includeInIndex = 0; path = Epoch.framework; sourceTree = BUILT_PRODUCTS_DIR; };
		B024A8871C2F319B00FBB44A /* Epoch.h */ = {isa = PBXFileReference; lastKnownFileType = sourcecode.c.h; path = Epoch.h; sourceTree = "<group>"; };
		B024A8891C2F319B00FBB44A /* Info.plist */ = {isa = PBXFileReference; lastKnownFileType = text.plist.xml; path = Info.plist; sourceTree = "<group>"; };
		B024A88E1C2F319B00FBB44A /* EpochTests.xctest */ = {isa = PBXFileReference; explicitFileType = wrapper.cfbundle; includeInIndex = 0; path = EpochTests.xctest; sourceTree = BUILT_PRODUCTS_DIR; };
		B024A8931C2F319B00FBB44A /* EpochTests.swift */ = {isa = PBXFileReference; lastKnownFileType = sourcecode.swift; path = EpochTests.swift; sourceTree = "<group>"; };
		B024A8951C2F319B00FBB44A /* Info.plist */ = {isa = PBXFileReference; lastKnownFileType = text.plist.xml; path = Info.plist; sourceTree = "<group>"; };
		B024A89F1C2F31C600FBB44A /* Parser.swift */ = {isa = PBXFileReference; fileEncoding = 4; lastKnownFileType = sourcecode.swift; path = Parser.swift; sourceTree = "<group>"; };
		B024A8A01C2F31C600FBB44A /* RequestParserType.swift */ = {isa = PBXFileReference; fileEncoding = 4; lastKnownFileType = sourcecode.swift; path = RequestParserType.swift; sourceTree = "<group>"; };
		B024A8A11C2F31C600FBB44A /* ResponseSerializerType.swift */ = {isa = PBXFileReference; fileEncoding = 4; lastKnownFileType = sourcecode.swift; path = ResponseSerializerType.swift; sourceTree = "<group>"; };
		B024A8A21C2F31C600FBB44A /* Serializer.swift */ = {isa = PBXFileReference; fileEncoding = 4; lastKnownFileType = sourcecode.swift; path = Serializer.swift; sourceTree = "<group>"; };
		B024A8A31C2F31C600FBB44A /* Server.swift */ = {isa = PBXFileReference; fileEncoding = 4; lastKnownFileType = sourcecode.swift; path = Server.swift; sourceTree = "<group>"; };
		B024A8A41C2F31C600FBB44A /* ServerType.swift */ = {isa = PBXFileReference; fileEncoding = 4; lastKnownFileType = sourcecode.swift; path = ServerType.swift; sourceTree = "<group>"; };
		B024A8A51C2F31C600FBB44A /* TCPServer.swift */ = {isa = PBXFileReference; fileEncoding = 4; lastKnownFileType = sourcecode.swift; path = TCPServer.swift; sourceTree = "<group>"; };
		B024A8A61C2F31C600FBB44A /* TCPServerType.swift */ = {isa = PBXFileReference; fileEncoding = 4; lastKnownFileType = sourcecode.swift; path = TCPServerType.swift; sourceTree = "<group>"; };
		B024A8A71C2F31C600FBB44A /* TCPStream.swift */ = {isa = PBXFileReference; fileEncoding = 4; lastKnownFileType = sourcecode.swift; path = TCPStream.swift; sourceTree = "<group>"; };
		B024A8B11C2F324500FBB44A /* Venice.xcodeproj */ = {isa = PBXFileReference; lastKnownFileType = "wrapper.pb-project"; name = Venice.xcodeproj; path = ../Venice/Xcode/Venice.xcodeproj; sourceTree = "<group>"; };
		B024A8BA1C2F324F00FBB44A /* HTTPParser.xcodeproj */ = {isa = PBXFileReference; lastKnownFileType = "wrapper.pb-project"; name = HTTPParser.xcodeproj; path = ../HTTPParser/Xcode/HTTPParser.xcodeproj; sourceTree = "<group>"; };
/* End PBXFileReference section */

/* Begin PBXFrameworksBuildPhase section */
		B024A8801C2F319B00FBB44A /* Frameworks */ = {
			isa = PBXFrameworksBuildPhase;
			buildActionMask = 2147483647;
			files = (
			);
			runOnlyForDeploymentPostprocessing = 0;
		};
		B024A88B1C2F319B00FBB44A /* Frameworks */ = {
			isa = PBXFrameworksBuildPhase;
			buildActionMask = 2147483647;
			files = (
				B024A88F1C2F319B00FBB44A /* Epoch.framework in Frameworks */,
			);
			runOnlyForDeploymentPostprocessing = 0;
		};
/* End PBXFrameworksBuildPhase section */

/* Begin PBXGroup section */
		B024A87A1C2F319B00FBB44A = {
			isa = PBXGroup;
			children = (
				B024A8BA1C2F324F00FBB44A /* HTTPParser.xcodeproj */,
				B024A8B11C2F324500FBB44A /* Venice.xcodeproj */,
				B024A89E1C2F31C600FBB44A /* Sources */,
				B024A8861C2F319B00FBB44A /* Epoch */,
				B024A8921C2F319B00FBB44A /* EpochTests */,
				B024A8851C2F319B00FBB44A /* Products */,
			);
			sourceTree = "<group>";
		};
		B024A8851C2F319B00FBB44A /* Products */ = {
			isa = PBXGroup;
			children = (
				B024A8841C2F319B00FBB44A /* Epoch.framework */,
				B024A88E1C2F319B00FBB44A /* EpochTests.xctest */,
			);
			name = Products;
			sourceTree = "<group>";
		};
		B024A8861C2F319B00FBB44A /* Epoch */ = {
			isa = PBXGroup;
			children = (
				B024A8871C2F319B00FBB44A /* Epoch.h */,
				B024A8891C2F319B00FBB44A /* Info.plist */,
			);
			path = Epoch;
			sourceTree = "<group>";
		};
		B024A8921C2F319B00FBB44A /* EpochTests */ = {
			isa = PBXGroup;
			children = (
				B024A8931C2F319B00FBB44A /* EpochTests.swift */,
				B024A8951C2F319B00FBB44A /* Info.plist */,
			);
			path = EpochTests;
			sourceTree = "<group>";
		};
		B024A89E1C2F31C600FBB44A /* Sources */ = {
			isa = PBXGroup;
			children = (
				B024A89F1C2F31C600FBB44A /* Parser.swift */,
				B024A8A01C2F31C600FBB44A /* RequestParserType.swift */,
				B024A8A11C2F31C600FBB44A /* ResponseSerializerType.swift */,
				B024A8A21C2F31C600FBB44A /* Serializer.swift */,
				B024A8A31C2F31C600FBB44A /* Server.swift */,
				B024A8A41C2F31C600FBB44A /* ServerType.swift */,
				B024A8A51C2F31C600FBB44A /* TCPServer.swift */,
				B024A8A61C2F31C600FBB44A /* TCPServerType.swift */,
				B024A8A71C2F31C600FBB44A /* TCPStream.swift */,
			);
			name = Sources;
			path = ../Sources;
			sourceTree = "<group>";
		};
		B024A8B21C2F324500FBB44A /* Products */ = {
			isa = PBXGroup;
			children = (
				B024A8B71C2F324500FBB44A /* Venice.framework */,
				B024A8B91C2F324500FBB44A /* VeniceTests.xctest */,
			);
			name = Products;
			sourceTree = "<group>";
		};
		B024A8BB1C2F324F00FBB44A /* Products */ = {
			isa = PBXGroup;
			children = (
				B024A8C21C2F324F00FBB44A /* HTTPParser.framework */,
				B024A8C41C2F324F00FBB44A /* HTTPParserTests.xctest */,
			);
			name = Products;
			sourceTree = "<group>";
		};
/* End PBXGroup section */

/* Begin PBXHeadersBuildPhase section */
		B024A8811C2F319B00FBB44A /* Headers */ = {
			isa = PBXHeadersBuildPhase;
			buildActionMask = 2147483647;
			files = (
				B024A8881C2F319B00FBB44A /* Epoch.h in Headers */,
			);
			runOnlyForDeploymentPostprocessing = 0;
		};
/* End PBXHeadersBuildPhase section */

/* Begin PBXNativeTarget section */
		B024A8831C2F319B00FBB44A /* Epoch */ = {
			isa = PBXNativeTarget;
			buildConfigurationList = B024A8981C2F319B00FBB44A /* Build configuration list for PBXNativeTarget "Epoch" */;
			buildPhases = (
				B024A87F1C2F319B00FBB44A /* Sources */,
				B024A8801C2F319B00FBB44A /* Frameworks */,
				B024A8811C2F319B00FBB44A /* Headers */,
				B024A8821C2F319B00FBB44A /* Resources */,
			);
			buildRules = (
			);
			dependencies = (
				B024A8C81C2F325800FBB44A /* PBXTargetDependency */,
				B024A8C61C2F325600FBB44A /* PBXTargetDependency */,
			);
			name = Epoch;
			productName = Epoch;
			productReference = B024A8841C2F319B00FBB44A /* Epoch.framework */;
			productType = "com.apple.product-type.framework";
		};
		B024A88D1C2F319B00FBB44A /* EpochTests */ = {
			isa = PBXNativeTarget;
			buildConfigurationList = B024A89B1C2F319B00FBB44A /* Build configuration list for PBXNativeTarget "EpochTests" */;
			buildPhases = (
				B024A88A1C2F319B00FBB44A /* Sources */,
				B024A88B1C2F319B00FBB44A /* Frameworks */,
				B024A88C1C2F319B00FBB44A /* Resources */,
			);
			buildRules = (
			);
			dependencies = (
				B024A8911C2F319B00FBB44A /* PBXTargetDependency */,
			);
			name = EpochTests;
			productName = EpochTests;
			productReference = B024A88E1C2F319B00FBB44A /* EpochTests.xctest */;
			productType = "com.apple.product-type.bundle.unit-test";
		};
/* End PBXNativeTarget section */

/* Begin PBXProject section */
		B024A87B1C2F319B00FBB44A /* Project object */ = {
			isa = PBXProject;
			attributes = {
				LastSwiftUpdateCheck = 0720;
				LastUpgradeCheck = 0720;
				ORGANIZATIONNAME = Zewo;
				TargetAttributes = {
					B024A8831C2F319B00FBB44A = {
						CreatedOnToolsVersion = 7.2;
					};
					B024A88D1C2F319B00FBB44A = {
						CreatedOnToolsVersion = 7.2;
					};
				};
			};
			buildConfigurationList = B024A87E1C2F319B00FBB44A /* Build configuration list for PBXProject "Epoch" */;
			compatibilityVersion = "Xcode 3.2";
			developmentRegion = English;
			hasScannedForEncodings = 0;
			knownRegions = (
				en,
			);
			mainGroup = B024A87A1C2F319B00FBB44A;
			productRefGroup = B024A8851C2F319B00FBB44A /* Products */;
			projectDirPath = "";
			projectReferences = (
				{
					ProductGroup = B024A8BB1C2F324F00FBB44A /* Products */;
					ProjectRef = B024A8BA1C2F324F00FBB44A /* HTTPParser.xcodeproj */;
				},
				{
					ProductGroup = B024A8B21C2F324500FBB44A /* Products */;
					ProjectRef = B024A8B11C2F324500FBB44A /* Venice.xcodeproj */;
				},
			);
			projectRoot = "";
			targets = (
				B024A8831C2F319B00FBB44A /* Epoch */,
				B024A88D1C2F319B00FBB44A /* EpochTests */,
			);
		};
/* End PBXProject section */

/* Begin PBXReferenceProxy section */
		B024A8B71C2F324500FBB44A /* Venice.framework */ = {
			isa = PBXReferenceProxy;
			fileType = wrapper.framework;
			path = Venice.framework;
			remoteRef = B024A8B61C2F324500FBB44A /* PBXContainerItemProxy */;
			sourceTree = BUILT_PRODUCTS_DIR;
		};
		B024A8B91C2F324500FBB44A /* VeniceTests.xctest */ = {
			isa = PBXReferenceProxy;
			fileType = wrapper.cfbundle;
			path = VeniceTests.xctest;
			remoteRef = B024A8B81C2F324500FBB44A /* PBXContainerItemProxy */;
			sourceTree = BUILT_PRODUCTS_DIR;
		};
		B024A8C21C2F324F00FBB44A /* HTTPParser.framework */ = {
			isa = PBXReferenceProxy;
			fileType = wrapper.framework;
			path = HTTPParser.framework;
			remoteRef = B024A8C11C2F324F00FBB44A /* PBXContainerItemProxy */;
			sourceTree = BUILT_PRODUCTS_DIR;
		};
		B024A8C41C2F324F00FBB44A /* HTTPParserTests.xctest */ = {
			isa = PBXReferenceProxy;
			fileType = wrapper.cfbundle;
			path = HTTPParserTests.xctest;
			remoteRef = B024A8C31C2F324F00FBB44A /* PBXContainerItemProxy */;
			sourceTree = BUILT_PRODUCTS_DIR;
		};
/* End PBXReferenceProxy section */

/* Begin PBXResourcesBuildPhase section */
		B024A8821C2F319B00FBB44A /* Resources */ = {
			isa = PBXResourcesBuildPhase;
			buildActionMask = 2147483647;
			files = (
			);
			runOnlyForDeploymentPostprocessing = 0;
		};
		B024A88C1C2F319B00FBB44A /* Resources */ = {
			isa = PBXResourcesBuildPhase;
			buildActionMask = 2147483647;
			files = (
			);
			runOnlyForDeploymentPostprocessing = 0;
		};
/* End PBXResourcesBuildPhase section */

/* Begin PBXSourcesBuildPhase section */
		B024A87F1C2F319B00FBB44A /* Sources */ = {
			isa = PBXSourcesBuildPhase;
			buildActionMask = 2147483647;
			files = (
				B024A8AC1C2F31C600FBB44A /* Server.swift in Sources */,
				B024A8A91C2F31C600FBB44A /* RequestParserType.swift in Sources */,
				B024A8AD1C2F31C600FBB44A /* ServerType.swift in Sources */,
				B024A8AB1C2F31C600FBB44A /* Serializer.swift in Sources */,
				B024A8AA1C2F31C600FBB44A /* ResponseSerializerType.swift in Sources */,
				B024A8AE1C2F31C600FBB44A /* TCPServer.swift in Sources */,
				B024A8AF1C2F31C600FBB44A /* TCPServerType.swift in Sources */,
				B024A8A81C2F31C600FBB44A /* Parser.swift in Sources */,
				B024A8B01C2F31C600FBB44A /* TCPStream.swift in Sources */,
			);
			runOnlyForDeploymentPostprocessing = 0;
		};
		B024A88A1C2F319B00FBB44A /* Sources */ = {
			isa = PBXSourcesBuildPhase;
			buildActionMask = 2147483647;
			files = (
				B024A8941C2F319B00FBB44A /* EpochTests.swift in Sources */,
			);
			runOnlyForDeploymentPostprocessing = 0;
		};
/* End PBXSourcesBuildPhase section */

/* Begin PBXTargetDependency section */
		B024A8911C2F319B00FBB44A /* PBXTargetDependency */ = {
			isa = PBXTargetDependency;
			target = B024A8831C2F319B00FBB44A /* Epoch */;
			targetProxy = B024A8901C2F319B00FBB44A /* PBXContainerItemProxy */;
		};
		B024A8C61C2F325600FBB44A /* PBXTargetDependency */ = {
			isa = PBXTargetDependency;
			name = HTTPParser;
			targetProxy = B024A8C51C2F325600FBB44A /* PBXContainerItemProxy */;
		};
		B024A8C81C2F325800FBB44A /* PBXTargetDependency */ = {
			isa = PBXTargetDependency;
			name = Venice;
			targetProxy = B024A8C71C2F325800FBB44A /* PBXContainerItemProxy */;
		};
/* End PBXTargetDependency section */

/* Begin XCBuildConfiguration section */
		B024A8961C2F319B00FBB44A /* Debug */ = {
			isa = XCBuildConfiguration;
			buildSettings = {
				ALWAYS_SEARCH_USER_PATHS = NO;
				CLANG_CXX_LANGUAGE_STANDARD = "gnu++0x";
				CLANG_CXX_LIBRARY = "libc++";
				CLANG_ENABLE_MODULES = YES;
				CLANG_ENABLE_OBJC_ARC = YES;
				CLANG_WARN_BOOL_CONVERSION = YES;
				CLANG_WARN_CONSTANT_CONVERSION = YES;
				CLANG_WARN_DIRECT_OBJC_ISA_USAGE = YES_ERROR;
				CLANG_WARN_EMPTY_BODY = YES;
				CLANG_WARN_ENUM_CONVERSION = YES;
				CLANG_WARN_INT_CONVERSION = YES;
				CLANG_WARN_OBJC_ROOT_CLASS = YES_ERROR;
				CLANG_WARN_UNREACHABLE_CODE = YES;
				CLANG_WARN__DUPLICATE_METHOD_MATCH = YES;
				CODE_SIGN_IDENTITY = "-";
				COPY_PHASE_STRIP = NO;
				CURRENT_PROJECT_VERSION = 1;
				DEBUG_INFORMATION_FORMAT = dwarf;
				ENABLE_STRICT_OBJC_MSGSEND = YES;
				ENABLE_TESTABILITY = YES;
				GCC_C_LANGUAGE_STANDARD = gnu99;
				GCC_DYNAMIC_NO_PIC = NO;
				GCC_NO_COMMON_BLOCKS = YES;
				GCC_OPTIMIZATION_LEVEL = 0;
				GCC_PREPROCESSOR_DEFINITIONS = (
					"DEBUG=1",
					"$(inherited)",
				);
				GCC_WARN_64_TO_32_BIT_CONVERSION = YES;
				GCC_WARN_ABOUT_RETURN_TYPE = YES_ERROR;
				GCC_WARN_UNDECLARED_SELECTOR = YES;
				GCC_WARN_UNINITIALIZED_AUTOS = YES_AGGRESSIVE;
				GCC_WARN_UNUSED_FUNCTION = YES;
				GCC_WARN_UNUSED_VARIABLE = YES;
				MACOSX_DEPLOYMENT_TARGET = 10.11;
				MTL_ENABLE_DEBUG_INFO = YES;
				ONLY_ACTIVE_ARCH = YES;
				SDKROOT = macosx;
				SWIFT_OPTIMIZATION_LEVEL = "-Onone";
				VERSIONING_SYSTEM = "apple-generic";
				VERSION_INFO_PREFIX = "";
			};
			name = Debug;
		};
		B024A8971C2F319B00FBB44A /* Release */ = {
			isa = XCBuildConfiguration;
			buildSettings = {
				ALWAYS_SEARCH_USER_PATHS = NO;
				CLANG_CXX_LANGUAGE_STANDARD = "gnu++0x";
				CLANG_CXX_LIBRARY = "libc++";
				CLANG_ENABLE_MODULES = YES;
				CLANG_ENABLE_OBJC_ARC = YES;
				CLANG_WARN_BOOL_CONVERSION = YES;
				CLANG_WARN_CONSTANT_CONVERSION = YES;
				CLANG_WARN_DIRECT_OBJC_ISA_USAGE = YES_ERROR;
				CLANG_WARN_EMPTY_BODY = YES;
				CLANG_WARN_ENUM_CONVERSION = YES;
				CLANG_WARN_INT_CONVERSION = YES;
				CLANG_WARN_OBJC_ROOT_CLASS = YES_ERROR;
				CLANG_WARN_UNREACHABLE_CODE = YES;
				CLANG_WARN__DUPLICATE_METHOD_MATCH = YES;
				CODE_SIGN_IDENTITY = "-";
				COPY_PHASE_STRIP = NO;
				CURRENT_PROJECT_VERSION = 1;
				DEBUG_INFORMATION_FORMAT = "dwarf-with-dsym";
				ENABLE_NS_ASSERTIONS = NO;
				ENABLE_STRICT_OBJC_MSGSEND = YES;
				GCC_C_LANGUAGE_STANDARD = gnu99;
				GCC_NO_COMMON_BLOCKS = YES;
				GCC_WARN_64_TO_32_BIT_CONVERSION = YES;
				GCC_WARN_ABOUT_RETURN_TYPE = YES_ERROR;
				GCC_WARN_UNDECLARED_SELECTOR = YES;
				GCC_WARN_UNINITIALIZED_AUTOS = YES_AGGRESSIVE;
				GCC_WARN_UNUSED_FUNCTION = YES;
				GCC_WARN_UNUSED_VARIABLE = YES;
				MACOSX_DEPLOYMENT_TARGET = 10.11;
				MTL_ENABLE_DEBUG_INFO = NO;
				SDKROOT = macosx;
				VERSIONING_SYSTEM = "apple-generic";
				VERSION_INFO_PREFIX = "";
			};
			name = Release;
		};
		B024A8991C2F319B00FBB44A /* Debug */ = {
			isa = XCBuildConfiguration;
			buildSettings = {
				COMBINE_HIDPI_IMAGES = YES;
				DEFINES_MODULE = YES;
				DYLIB_COMPATIBILITY_VERSION = 1;
				DYLIB_CURRENT_VERSION = 1;
				DYLIB_INSTALL_NAME_BASE = "@rpath";
				FRAMEWORK_VERSION = A;
				INFOPLIST_FILE = Epoch/Info.plist;
				INSTALL_PATH = "$(LOCAL_LIBRARY_DIR)/Frameworks";
				LD_RUNPATH_SEARCH_PATHS = "$(inherited) @executable_path/../Frameworks @loader_path/Frameworks";
				LIBRARY_SEARCH_PATHS = /usr/local/lib;
				PRODUCT_BUNDLE_IDENTIFIER = com.zewo.Epoch;
				PRODUCT_NAME = "$(TARGET_NAME)";
				SKIP_INSTALL = YES;
			};
			name = Debug;
		};
		B024A89A1C2F319B00FBB44A /* Release */ = {
			isa = XCBuildConfiguration;
			buildSettings = {
				COMBINE_HIDPI_IMAGES = YES;
				DEFINES_MODULE = YES;
				DYLIB_COMPATIBILITY_VERSION = 1;
				DYLIB_CURRENT_VERSION = 1;
				DYLIB_INSTALL_NAME_BASE = "@rpath";
				FRAMEWORK_VERSION = A;
				INFOPLIST_FILE = Epoch/Info.plist;
				INSTALL_PATH = "$(LOCAL_LIBRARY_DIR)/Frameworks";
				LD_RUNPATH_SEARCH_PATHS = "$(inherited) @executable_path/../Frameworks @loader_path/Frameworks";
				LIBRARY_SEARCH_PATHS = /usr/local/lib;
				PRODUCT_BUNDLE_IDENTIFIER = com.zewo.Epoch;
				PRODUCT_NAME = "$(TARGET_NAME)";
				SKIP_INSTALL = YES;
			};
			name = Release;
		};
		B024A89C1C2F319B00FBB44A /* Debug */ = {
			isa = XCBuildConfiguration;
			buildSettings = {
				COMBINE_HIDPI_IMAGES = YES;
				INFOPLIST_FILE = EpochTests/Info.plist;
				LD_RUNPATH_SEARCH_PATHS = "$(inherited) @executable_path/../Frameworks @loader_path/../Frameworks";
				PRODUCT_BUNDLE_IDENTIFIER = com.zewo.EpochTests;
				PRODUCT_NAME = "$(TARGET_NAME)";
			};
			name = Debug;
		};
		B024A89D1C2F319B00FBB44A /* Release */ = {
			isa = XCBuildConfiguration;
			buildSettings = {
				COMBINE_HIDPI_IMAGES = YES;
				INFOPLIST_FILE = EpochTests/Info.plist;
				LD_RUNPATH_SEARCH_PATHS = "$(inherited) @executable_path/../Frameworks @loader_path/../Frameworks";
				PRODUCT_BUNDLE_IDENTIFIER = com.zewo.EpochTests;
				PRODUCT_NAME = "$(TARGET_NAME)";
			};
			name = Release;
		};
/* End XCBuildConfiguration section */

/* Begin XCConfigurationList section */
		B024A87E1C2F319B00FBB44A /* Build configuration list for PBXProject "Epoch" */ = {
			isa = XCConfigurationList;
			buildConfigurations = (
				B024A8961C2F319B00FBB44A /* Debug */,
				B024A8971C2F319B00FBB44A /* Release */,
			);
			defaultConfigurationIsVisible = 0;
			defaultConfigurationName = Release;
		};
		B024A8981C2F319B00FBB44A /* Build configuration list for PBXNativeTarget "Epoch" */ = {
			isa = XCConfigurationList;
			buildConfigurations = (
				B024A8991C2F319B00FBB44A /* Debug */,
				B024A89A1C2F319B00FBB44A /* Release */,
			);
			defaultConfigurationIsVisible = 0;
			defaultConfigurationName = Release;
		};
		B024A89B1C2F319B00FBB44A /* Build configuration list for PBXNativeTarget "EpochTests" */ = {
			isa = XCConfigurationList;
			buildConfigurations = (
				B024A89C1C2F319B00FBB44A /* Debug */,
				B024A89D1C2F319B00FBB44A /* Release */,
			);
			defaultConfigurationIsVisible = 0;
			defaultConfigurationName = Release;
		};
/* End XCConfigurationList section */
	};
	rootObject = B024A87B1C2F319B00FBB44A /* Project object */;
}
